
Microsoft Visual Studio Solution File, Format Version 12.00
# Visual Studio Version 17
VisualStudioVersion = 17.11.35312.102
MinimumVisualStudioVersion = 10.0.40219.1
Project("{888888A0-9F3D-457C-B088-3A5042F75D52}") = "Lesson 3", "Lesson 3\Lesson 3.pyproj", "{BA3DBA40-00F1-4A61-84BA-9AC31D4AEEB2}"
EndProject
Global
	GlobalSection(SolutionConfigurationPlatforms) = preSolution
		Debug|Any CPU = Debug|Any CPU
		Release|Any CPU = Release|Any CPU
	EndGlobalSection
	GlobalSection(ProjectConfigurationPlatforms) = postSolution
		{BA3DBA40-00F1-4A61-84BA-9AC31D4AEEB2}.Debug|Any CPU.ActiveCfg = Debug|Any CPU
		{BA3DBA40-00F1-4A61-84BA-9AC31D4AEEB2}.Release|Any CPU.ActiveCfg = Release|Any CPU
	EndGlobalSection
	GlobalSection(SolutionProperties) = preSolution
		HideSolutionNode = FALSE
	EndGlobalSection
	GlobalSection(ExtensibilityGlobals) = postSolution
		SolutionGuid = {20D4426B-887E-4362-92E1-F2C95ED424BC}
	EndGlobalSection
EndGlobal
